# THIS IS AN AUTOGENERATED FILE. DO NOT EDIT THIS FILE DIRECTLY.
# yarn lockfile v1


vlq@^2.0.4:
  version "2.0.4"
  resolved "https://registry.yarnpkg.com/vlq/-/vlq-2.0.4.tgz#6057b85729245b9829e3cc7755f95b228d4fe041"
  integrity sha512-aodjPa2wPQFkra1G8CzJBTHXhgk3EVSwxSWXNPr1fgdFLUb8kvLV1iEb6rFgasIsjP82HWI6dsb5Io26DDnasA==
